
Microsoft Visual Studio Solution File, Format Version 12.00
# Visual Studio Version 16
VisualStudioVersion = 16.0.30717.126
MinimumVisualStudioVersion = 10.0.40219.1
Project("{FAE04EC0-301F-11D3-BF4B-00C04F79EFBC}") = "WSTowersOffice.App", "WSTowersOffice.App\WSTowersOffice.App.csproj", "{D353412A-7A93-4BF0-976F-13AFBFC548C9}"
EndProject
Project("{FAE04EC0-301F-11D3-BF4B-00C04F79EFBC}") = "WSTowersOffice.Api", "WSTowersOffice.Api\WSTowersOffice.Api.csproj", "{2103EE85-68EB-414F-BDBA-36E9936D9233}"
EndProject
Project("{FAE04EC0-301F-11D3-BF4B-00C04F79EFBC}") = "WSTowersOffice.Execution.Api", "WSTowersOffice.Execution.Api\WSTowersOffice.Execution.Api.csproj", "{D1E10172-6A75-42B2-AE10-EC307DCCB81C}"
EndProject
Global
	GlobalSection(SolutionConfigurationPlatforms) = preSolution
		Debug|Any CPU = Debug|Any CPU
		Release|Any CPU = Release|Any CPU
	EndGlobalSection
	GlobalSection(ProjectConfigurationPlatforms) = postSolution
		{D353412A-7A93-4BF0-976F-13AFBFC548C9}.Debug|Any CPU.ActiveCfg = Debug|Any CPU
		{D353412A-7A93-4BF0-976F-13AFBFC548C9}.Debug|Any CPU.Build.0 = Debug|Any CPU
		{D353412A-7A93-4BF0-976F-13AFBFC548C9}.Debug|Any CPU.Deploy.0 = Debug|Any CPU
		{D353412A-7A93-4BF0-976F-13AFBFC548C9}.Release|Any CPU.ActiveCfg = Release|Any CPU
		{D353412A-7A93-4BF0-976F-13AFBFC548C9}.Release|Any CPU.Build.0 = Release|Any CPU
		{D353412A-7A93-4BF0-976F-13AFBFC548C9}.Release|Any CPU.Deploy.0 = Release|Any CPU
		{2103EE85-68EB-414F-BDBA-36E9936D9233}.Debug|Any CPU.ActiveCfg = Debug|Any CPU
		{2103EE85-68EB-414F-BDBA-36E9936D9233}.Debug|Any CPU.Build.0 = Debug|Any CPU
		{2103EE85-68EB-414F-BDBA-36E9936D9233}.Release|Any CPU.ActiveCfg = Release|Any CPU
		{2103EE85-68EB-414F-BDBA-36E9936D9233}.Release|Any CPU.Build.0 = Release|Any CPU
		{D1E10172-6A75-42B2-AE10-EC307DCCB81C}.Debug|Any CPU.ActiveCfg = Debug|Any CPU
		{D1E10172-6A75-42B2-AE10-EC307DCCB81C}.Debug|Any CPU.Build.0 = Debug|Any CPU
		{D1E10172-6A75-42B2-AE10-EC307DCCB81C}.Release|Any CPU.ActiveCfg = Release|Any CPU
		{D1E10172-6A75-42B2-AE10-EC307DCCB81C}.Release|Any CPU.Build.0 = Release|Any CPU
	EndGlobalSection
	GlobalSection(SolutionProperties) = preSolution
		HideSolutionNode = FALSE
	EndGlobalSection
	GlobalSection(ExtensibilityGlobals) = postSolution
		SolutionGuid = {B3F1E608-27B6-482F-BD2F-A7D9CD0C5B9F}
	EndGlobalSection
EndGlobal
